
Microsoft Visual Studio Solution File, Format Version 12.00
# Visual Studio Version 17
VisualStudioVersion = 17.3.32929.385
MinimumVisualStudioVersion = 10.0.40219.1
Project("{FAE04EC0-301F-11D3-BF4B-00C04F79EFBC}") = "JeuDu421_Console", "JeuDu421_Console\JeuDu421_Console.csproj", "{85041EEA-918F-4007-90DA-061B3480489B}"
EndProject
Project("{FAE04EC0-301F-11D3-BF4B-00C04F79EFBC}") = "JeuQuatreCentVingtEtUn", "421Classes\JeuQuatreCentVingtEtUn.csproj", "{96EBB6D0-376A-40DE-BD5A-7C57BE9318FF}"
EndProject
Global
	GlobalSection(SolutionConfigurationPlatforms) = preSolution
		Debug|Any CPU = Debug|Any CPU
		Release|Any CPU = Release|Any CPU
	EndGlobalSection
	GlobalSection(ProjectConfigurationPlatforms) = postSolution
		{85041EEA-918F-4007-90DA-061B3480489B}.Debug|Any CPU.ActiveCfg = Debug|Any CPU
		{85041EEA-918F-4007-90DA-061B3480489B}.Debug|Any CPU.Build.0 = Debug|Any CPU
		{85041EEA-918F-4007-90DA-061B3480489B}.Release|Any CPU.ActiveCfg = Release|Any CPU
		{85041EEA-918F-4007-90DA-061B3480489B}.Release|Any CPU.Build.0 = Release|Any CPU
		{96EBB6D0-376A-40DE-BD5A-7C57BE9318FF}.Debug|Any CPU.ActiveCfg = Debug|Any CPU
		{96EBB6D0-376A-40DE-BD5A-7C57BE9318FF}.Debug|Any CPU.Build.0 = Debug|Any CPU
		{96EBB6D0-376A-40DE-BD5A-7C57BE9318FF}.Release|Any CPU.ActiveCfg = Release|Any CPU
		{96EBB6D0-376A-40DE-BD5A-7C57BE9318FF}.Release|Any CPU.Build.0 = Release|Any CPU
	EndGlobalSection
	GlobalSection(SolutionProperties) = preSolution
		HideSolutionNode = FALSE
	EndGlobalSection
	GlobalSection(ExtensibilityGlobals) = postSolution
		SolutionGuid = {027E51CD-0087-4423-915F-A5823122D5CB}
	EndGlobalSection
EndGlobal
