
Microsoft Visual Studio Solution File, Format Version 12.00
# Visual Studio Version 17
VisualStudioVersion = 17.6.33829.357
MinimumVisualStudioVersion = 10.0.40219.1
Project("{FAE04EC0-301F-11D3-BF4B-00C04F79EFBC}") = "TDDBouteille", "TDDBouteille\TDDBouteille.csproj", "{E560770D-0564-4A90-8A9A-F746EB521986}"
EndProject
Project("{FAE04EC0-301F-11D3-BF4B-00C04F79EFBC}") = "UnitTest", "UnitTest\UnitTest.csproj", "{1CC5A907-3953-44D1-8DEA-15958F94581B}"
EndProject
Global
	GlobalSection(SolutionConfigurationPlatforms) = preSolution
		Debug|Any CPU = Debug|Any CPU
		Release|Any CPU = Release|Any CPU
	EndGlobalSection
	GlobalSection(ProjectConfigurationPlatforms) = postSolution
		{E560770D-0564-4A90-8A9A-F746EB521986}.Debug|Any CPU.ActiveCfg = Debug|Any CPU
		{E560770D-0564-4A90-8A9A-F746EB521986}.Debug|Any CPU.Build.0 = Debug|Any CPU
		{E560770D-0564-4A90-8A9A-F746EB521986}.Release|Any CPU.ActiveCfg = Release|Any CPU
		{E560770D-0564-4A90-8A9A-F746EB521986}.Release|Any CPU.Build.0 = Release|Any CPU
		{1CC5A907-3953-44D1-8DEA-15958F94581B}.Debug|Any CPU.ActiveCfg = Debug|Any CPU
		{1CC5A907-3953-44D1-8DEA-15958F94581B}.Debug|Any CPU.Build.0 = Debug|Any CPU
		{1CC5A907-3953-44D1-8DEA-15958F94581B}.Release|Any CPU.ActiveCfg = Release|Any CPU
		{1CC5A907-3953-44D1-8DEA-15958F94581B}.Release|Any CPU.Build.0 = Release|Any CPU
	EndGlobalSection
	GlobalSection(SolutionProperties) = preSolution
		HideSolutionNode = FALSE
	EndGlobalSection
	GlobalSection(ExtensibilityGlobals) = postSolution
		SolutionGuid = {354D0B8E-741E-46B4-9898-2637F3065522}
	EndGlobalSection
EndGlobal
