
Microsoft Visual Studio Solution File, Format Version 12.00
# Visual Studio Version 17
VisualStudioVersion = 17.3.32929.385
MinimumVisualStudioVersion = 10.0.40219.1
Project("{FAE04EC0-301F-11D3-BF4B-00C04F79EFBC}") = "Emprunt", "Emprunt\Emprunt.csproj", "{A5D5F7EB-5F72-4A24-A4D8-DCA6DAB4E71C}"
EndProject
Project("{FAE04EC0-301F-11D3-BF4B-00C04F79EFBC}") = "BibliEmprunt", "BibliEmprunt\BibliEmprunt.csproj", "{2DCE91BA-C60D-483D-8F20-C0712FB63830}"
EndProject
Project("{9A19103F-16F7-4668-BE54-9A1E7A4F7556}") = "ValidationSaisieBibli", "ValidationSaisieBibli\ValidationSaisieBibli.csproj", "{A6262519-6F34-458F-9782-CF8F8C70AB43}"
EndProject
Global
	GlobalSection(SolutionConfigurationPlatforms) = preSolution
		Debug|Any CPU = Debug|Any CPU
		Release|Any CPU = Release|Any CPU
	EndGlobalSection
	GlobalSection(ProjectConfigurationPlatforms) = postSolution
		{A5D5F7EB-5F72-4A24-A4D8-DCA6DAB4E71C}.Debug|Any CPU.ActiveCfg = Debug|Any CPU
		{A5D5F7EB-5F72-4A24-A4D8-DCA6DAB4E71C}.Debug|Any CPU.Build.0 = Debug|Any CPU
		{A5D5F7EB-5F72-4A24-A4D8-DCA6DAB4E71C}.Release|Any CPU.ActiveCfg = Release|Any CPU
		{A5D5F7EB-5F72-4A24-A4D8-DCA6DAB4E71C}.Release|Any CPU.Build.0 = Release|Any CPU
		{2DCE91BA-C60D-483D-8F20-C0712FB63830}.Debug|Any CPU.ActiveCfg = Debug|Any CPU
		{2DCE91BA-C60D-483D-8F20-C0712FB63830}.Debug|Any CPU.Build.0 = Debug|Any CPU
		{2DCE91BA-C60D-483D-8F20-C0712FB63830}.Release|Any CPU.ActiveCfg = Release|Any CPU
		{2DCE91BA-C60D-483D-8F20-C0712FB63830}.Release|Any CPU.Build.0 = Release|Any CPU
		{A6262519-6F34-458F-9782-CF8F8C70AB43}.Debug|Any CPU.ActiveCfg = Debug|Any CPU
		{A6262519-6F34-458F-9782-CF8F8C70AB43}.Debug|Any CPU.Build.0 = Debug|Any CPU
		{A6262519-6F34-458F-9782-CF8F8C70AB43}.Release|Any CPU.ActiveCfg = Release|Any CPU
		{A6262519-6F34-458F-9782-CF8F8C70AB43}.Release|Any CPU.Build.0 = Release|Any CPU
	EndGlobalSection
	GlobalSection(SolutionProperties) = preSolution
		HideSolutionNode = FALSE
	EndGlobalSection
	GlobalSection(ExtensibilityGlobals) = postSolution
		SolutionGuid = {612DEF96-2B1E-44DC-BEA9-47C6CB5C8C70}
	EndGlobalSection
EndGlobal
