
Microsoft Visual Studio Solution File, Format Version 12.00
# Visual Studio Version 17
VisualStudioVersion = 17.0.32112.339
MinimumVisualStudioVersion = 10.0.40219.1
Project("{FAE04EC0-301F-11D3-BF4B-00C04F79EFBC}") = "ExempleSerialisation", "ExempleSerialisation\ExempleSerialisation.csproj", "{1F44DF06-D49F-47FA-96E4-3C1806D4BE67}"
EndProject
Global
	GlobalSection(SolutionConfigurationPlatforms) = preSolution
		Debug|Any CPU = Debug|Any CPU
		Release|Any CPU = Release|Any CPU
	EndGlobalSection
	GlobalSection(ProjectConfigurationPlatforms) = postSolution
		{1F44DF06-D49F-47FA-96E4-3C1806D4BE67}.Debug|Any CPU.ActiveCfg = Debug|Any CPU
		{1F44DF06-D49F-47FA-96E4-3C1806D4BE67}.Debug|Any CPU.Build.0 = Debug|Any CPU
		{1F44DF06-D49F-47FA-96E4-3C1806D4BE67}.Release|Any CPU.ActiveCfg = Release|Any CPU
		{1F44DF06-D49F-47FA-96E4-3C1806D4BE67}.Release|Any CPU.Build.0 = Release|Any CPU
	EndGlobalSection
	GlobalSection(SolutionProperties) = preSolution
		HideSolutionNode = FALSE
	EndGlobalSection
	GlobalSection(ExtensibilityGlobals) = postSolution
		SolutionGuid = {D7163D05-C64C-4D5E-B7D8-B63470AF2EBB}
	EndGlobalSection
EndGlobal
