
Microsoft Visual Studio Solution File, Format Version 12.00
# Visual Studio Version 17
VisualStudioVersion = 17.0.32112.339
MinimumVisualStudioVersion = 10.0.40219.1
Project("{FAE04EC0-301F-11D3-BF4B-00C04F79EFBC}") = "WordleProject", "WordleProject\WordleProject.csproj", "{FFD5EF6A-2098-4EEE-AC6F-22AFEBDBC2DB}"
EndProject
Global
	GlobalSection(SolutionConfigurationPlatforms) = preSolution
		Debug|Any CPU = Debug|Any CPU
		Release|Any CPU = Release|Any CPU
	EndGlobalSection
	GlobalSection(ProjectConfigurationPlatforms) = postSolution
		{FFD5EF6A-2098-4EEE-AC6F-22AFEBDBC2DB}.Debug|Any CPU.ActiveCfg = Debug|Any CPU
		{FFD5EF6A-2098-4EEE-AC6F-22AFEBDBC2DB}.Debug|Any CPU.Build.0 = Debug|Any CPU
		{FFD5EF6A-2098-4EEE-AC6F-22AFEBDBC2DB}.Release|Any CPU.ActiveCfg = Release|Any CPU
		{FFD5EF6A-2098-4EEE-AC6F-22AFEBDBC2DB}.Release|Any CPU.Build.0 = Release|Any CPU
	EndGlobalSection
	GlobalSection(SolutionProperties) = preSolution
		HideSolutionNode = FALSE
	EndGlobalSection
	GlobalSection(ExtensibilityGlobals) = postSolution
		SolutionGuid = {C947403D-9F2B-4BF0-A06B-97F3EB5ACE1F}
	EndGlobalSection
EndGlobal
