
Microsoft Visual Studio Solution File, Format Version 12.00
# Visual Studio Version 17
VisualStudioVersion = 17.2.32526.322
MinimumVisualStudioVersion = 10.0.40219.1
Project("{FAE04EC0-301F-11D3-BF4B-00C04F79EFBC}") = "Dichotomie2", "Dichotomie2\Dichotomie2.csproj", "{6CFB6D15-33D2-476F-8AA1-55F4A474E59E}"
EndProject
Global
	GlobalSection(SolutionConfigurationPlatforms) = preSolution
		Debug|Any CPU = Debug|Any CPU
		Release|Any CPU = Release|Any CPU
	EndGlobalSection
	GlobalSection(ProjectConfigurationPlatforms) = postSolution
		{6CFB6D15-33D2-476F-8AA1-55F4A474E59E}.Debug|Any CPU.ActiveCfg = Debug|Any CPU
		{6CFB6D15-33D2-476F-8AA1-55F4A474E59E}.Debug|Any CPU.Build.0 = Debug|Any CPU
		{6CFB6D15-33D2-476F-8AA1-55F4A474E59E}.Release|Any CPU.ActiveCfg = Release|Any CPU
		{6CFB6D15-33D2-476F-8AA1-55F4A474E59E}.Release|Any CPU.Build.0 = Release|Any CPU
	EndGlobalSection
	GlobalSection(SolutionProperties) = preSolution
		HideSolutionNode = FALSE
	EndGlobalSection
	GlobalSection(ExtensibilityGlobals) = postSolution
		SolutionGuid = {582F47E1-267A-4010-A808-4E34FA1752CD}
	EndGlobalSection
EndGlobal
