
Microsoft Visual Studio Solution File, Format Version 12.00
# Visual Studio Version 17
VisualStudioVersion = 17.0.32112.339
MinimumVisualStudioVersion = 10.0.40219.1
Project("{FAE04EC0-301F-11D3-BF4B-00C04F79EFBC}") = "ConversionKilometresMiles", "ConversionKilometresMiles\ConversionKilometresMiles.csproj", "{CC6B0CCA-F044-4A21-932F-92B90D5C3F43}"
EndProject
Global
	GlobalSection(SolutionConfigurationPlatforms) = preSolution
		Debug|Any CPU = Debug|Any CPU
		Release|Any CPU = Release|Any CPU
	EndGlobalSection
	GlobalSection(ProjectConfigurationPlatforms) = postSolution
		{CC6B0CCA-F044-4A21-932F-92B90D5C3F43}.Debug|Any CPU.ActiveCfg = Debug|Any CPU
		{CC6B0CCA-F044-4A21-932F-92B90D5C3F43}.Debug|Any CPU.Build.0 = Debug|Any CPU
		{CC6B0CCA-F044-4A21-932F-92B90D5C3F43}.Release|Any CPU.ActiveCfg = Release|Any CPU
		{CC6B0CCA-F044-4A21-932F-92B90D5C3F43}.Release|Any CPU.Build.0 = Release|Any CPU
	EndGlobalSection
	GlobalSection(SolutionProperties) = preSolution
		HideSolutionNode = FALSE
	EndGlobalSection
	GlobalSection(ExtensibilityGlobals) = postSolution
		SolutionGuid = {266F69CD-5BA2-4967-B22B-DD51E7FFD6CC}
	EndGlobalSection
EndGlobal
