
Microsoft Visual Studio Solution File, Format Version 12.00
# Visual Studio Version 17
VisualStudioVersion = 17.6.33829.357
MinimumVisualStudioVersion = 10.0.40219.1
Project("{FAE04EC0-301F-11D3-BF4B-00C04F79EFBC}") = "ExempleCommand", "ExempleCommand\ExempleCommand.csproj", "{D02496D2-8E1C-48EB-8CF2-D01410090C5E}"
EndProject
Global
	GlobalSection(SolutionConfigurationPlatforms) = preSolution
		Debug|Any CPU = Debug|Any CPU
		Release|Any CPU = Release|Any CPU
	EndGlobalSection
	GlobalSection(ProjectConfigurationPlatforms) = postSolution
		{D02496D2-8E1C-48EB-8CF2-D01410090C5E}.Debug|Any CPU.ActiveCfg = Debug|Any CPU
		{D02496D2-8E1C-48EB-8CF2-D01410090C5E}.Debug|Any CPU.Build.0 = Debug|Any CPU
		{D02496D2-8E1C-48EB-8CF2-D01410090C5E}.Release|Any CPU.ActiveCfg = Release|Any CPU
		{D02496D2-8E1C-48EB-8CF2-D01410090C5E}.Release|Any CPU.Build.0 = Release|Any CPU
	EndGlobalSection
	GlobalSection(SolutionProperties) = preSolution
		HideSolutionNode = FALSE
	EndGlobalSection
	GlobalSection(ExtensibilityGlobals) = postSolution
		SolutionGuid = {40E45154-D813-4E41-8C91-E4233FC13AF7}
	EndGlobalSection
EndGlobal
