
Microsoft Visual Studio Solution File, Format Version 12.00
# Visual Studio Version 17
VisualStudioVersion = 17.3.32929.385
MinimumVisualStudioVersion = 10.0.40219.1
Project("{FAE04EC0-301F-11D3-BF4B-00C04F79EFBC}") = "ApiBank", "ApiBank\ApiBank.csproj", "{BE7E69D8-9D77-4BA5-8B78-DD6243DCE4F3}"
EndProject
Project("{FAE04EC0-301F-11D3-BF4B-00C04F79EFBC}") = "ApiBank.Models", "ApiBank.Models\ApiBank.Models.csproj", "{DEBBA107-DD3F-4D28-AA36-3A99116DAD27}"
EndProject
Project("{FAE04EC0-301F-11D3-BF4B-00C04F79EFBC}") = "ApiBank.Databases", "ApiBank.Databases\ApiBank.Databases.csproj", "{93CAD2E9-F885-4FDD-AE94-871C3E6CCFCF}"
EndProject
Global
	GlobalSection(SolutionConfigurationPlatforms) = preSolution
		Debug|Any CPU = Debug|Any CPU
		Release|Any CPU = Release|Any CPU
	EndGlobalSection
	GlobalSection(ProjectConfigurationPlatforms) = postSolution
		{BE7E69D8-9D77-4BA5-8B78-DD6243DCE4F3}.Debug|Any CPU.ActiveCfg = Debug|Any CPU
		{BE7E69D8-9D77-4BA5-8B78-DD6243DCE4F3}.Debug|Any CPU.Build.0 = Debug|Any CPU
		{BE7E69D8-9D77-4BA5-8B78-DD6243DCE4F3}.Release|Any CPU.ActiveCfg = Release|Any CPU
		{BE7E69D8-9D77-4BA5-8B78-DD6243DCE4F3}.Release|Any CPU.Build.0 = Release|Any CPU
		{DEBBA107-DD3F-4D28-AA36-3A99116DAD27}.Debug|Any CPU.ActiveCfg = Debug|Any CPU
		{DEBBA107-DD3F-4D28-AA36-3A99116DAD27}.Debug|Any CPU.Build.0 = Debug|Any CPU
		{DEBBA107-DD3F-4D28-AA36-3A99116DAD27}.Release|Any CPU.ActiveCfg = Release|Any CPU
		{DEBBA107-DD3F-4D28-AA36-3A99116DAD27}.Release|Any CPU.Build.0 = Release|Any CPU
		{93CAD2E9-F885-4FDD-AE94-871C3E6CCFCF}.Debug|Any CPU.ActiveCfg = Debug|Any CPU
		{93CAD2E9-F885-4FDD-AE94-871C3E6CCFCF}.Debug|Any CPU.Build.0 = Debug|Any CPU
		{93CAD2E9-F885-4FDD-AE94-871C3E6CCFCF}.Release|Any CPU.ActiveCfg = Release|Any CPU
		{93CAD2E9-F885-4FDD-AE94-871C3E6CCFCF}.Release|Any CPU.Build.0 = Release|Any CPU
	EndGlobalSection
	GlobalSection(SolutionProperties) = preSolution
		HideSolutionNode = FALSE
	EndGlobalSection
	GlobalSection(ExtensibilityGlobals) = postSolution
		SolutionGuid = {F6B9690C-19F8-44F3-9014-C83B77668501}
	EndGlobalSection
EndGlobal
