
Microsoft Visual Studio Solution File, Format Version 12.00
# Visual Studio Version 17
VisualStudioVersion = 17.4.33110.190
MinimumVisualStudioVersion = 10.0.40219.1
Project("{FAE04EC0-301F-11D3-BF4B-00C04F79EFBC}") = "Compte", "Compte\Compte.csproj", "{84865BC0-E251-4F5A-B098-3B399D031ABF}"
EndProject
Global
	GlobalSection(SolutionConfigurationPlatforms) = preSolution
		Debug|Any CPU = Debug|Any CPU
		Release|Any CPU = Release|Any CPU
	EndGlobalSection
	GlobalSection(ProjectConfigurationPlatforms) = postSolution
		{84865BC0-E251-4F5A-B098-3B399D031ABF}.Debug|Any CPU.ActiveCfg = Debug|Any CPU
		{84865BC0-E251-4F5A-B098-3B399D031ABF}.Debug|Any CPU.Build.0 = Debug|Any CPU
		{84865BC0-E251-4F5A-B098-3B399D031ABF}.Release|Any CPU.ActiveCfg = Release|Any CPU
		{84865BC0-E251-4F5A-B098-3B399D031ABF}.Release|Any CPU.Build.0 = Release|Any CPU
	EndGlobalSection
	GlobalSection(SolutionProperties) = preSolution
		HideSolutionNode = FALSE
	EndGlobalSection
	GlobalSection(ExtensibilityGlobals) = postSolution
		SolutionGuid = {F438859B-A759-4636-A2D6-EAF79C11F29D}
	EndGlobalSection
EndGlobal
