
Microsoft Visual Studio Solution File, Format Version 12.00
# Visual Studio Version 17
VisualStudioVersion = 17.0.32112.339
MinimumVisualStudioVersion = 10.0.40219.1
Project("{FAE04EC0-301F-11D3-BF4B-00C04F79EFBC}") = "NombreParfait", "NombreParfait\NombreParfait.csproj", "{4F21E674-6FB4-4C7C-A5FD-C21D995EFBF9}"
EndProject
Global
	GlobalSection(SolutionConfigurationPlatforms) = preSolution
		Debug|Any CPU = Debug|Any CPU
		Release|Any CPU = Release|Any CPU
	EndGlobalSection
	GlobalSection(ProjectConfigurationPlatforms) = postSolution
		{4F21E674-6FB4-4C7C-A5FD-C21D995EFBF9}.Debug|Any CPU.ActiveCfg = Debug|Any CPU
		{4F21E674-6FB4-4C7C-A5FD-C21D995EFBF9}.Debug|Any CPU.Build.0 = Debug|Any CPU
		{4F21E674-6FB4-4C7C-A5FD-C21D995EFBF9}.Release|Any CPU.ActiveCfg = Release|Any CPU
		{4F21E674-6FB4-4C7C-A5FD-C21D995EFBF9}.Release|Any CPU.Build.0 = Release|Any CPU
	EndGlobalSection
	GlobalSection(SolutionProperties) = preSolution
		HideSolutionNode = FALSE
	EndGlobalSection
	GlobalSection(ExtensibilityGlobals) = postSolution
		SolutionGuid = {28168F73-3681-445E-AF3F-5E407E2F9EC7}
	EndGlobalSection
EndGlobal
