
Microsoft Visual Studio Solution File, Format Version 12.00
# Visual Studio Version 17
VisualStudioVersion = 17.3.32929.385
MinimumVisualStudioVersion = 10.0.40219.1
Project("{FAE04EC0-301F-11D3-BF4B-00C04F79EFBC}") = "ApiUser", "ApiUser\ApiUser.csproj", "{A0220854-102D-4307-83EB-6056691C3264}"
EndProject
Project("{FAE04EC0-301F-11D3-BF4B-00C04F79EFBC}") = "ApiUser.Models", "ApiUser.Models\ApiUser.Models.csproj", "{6016E3C3-4E45-4583-88BB-F7704F4FAC57}"
EndProject
Global
	GlobalSection(SolutionConfigurationPlatforms) = preSolution
		Debug|Any CPU = Debug|Any CPU
		Release|Any CPU = Release|Any CPU
	EndGlobalSection
	GlobalSection(ProjectConfigurationPlatforms) = postSolution
		{A0220854-102D-4307-83EB-6056691C3264}.Debug|Any CPU.ActiveCfg = Debug|Any CPU
		{A0220854-102D-4307-83EB-6056691C3264}.Debug|Any CPU.Build.0 = Debug|Any CPU
		{A0220854-102D-4307-83EB-6056691C3264}.Release|Any CPU.ActiveCfg = Release|Any CPU
		{A0220854-102D-4307-83EB-6056691C3264}.Release|Any CPU.Build.0 = Release|Any CPU
		{6016E3C3-4E45-4583-88BB-F7704F4FAC57}.Debug|Any CPU.ActiveCfg = Debug|Any CPU
		{6016E3C3-4E45-4583-88BB-F7704F4FAC57}.Debug|Any CPU.Build.0 = Debug|Any CPU
		{6016E3C3-4E45-4583-88BB-F7704F4FAC57}.Release|Any CPU.ActiveCfg = Release|Any CPU
		{6016E3C3-4E45-4583-88BB-F7704F4FAC57}.Release|Any CPU.Build.0 = Release|Any CPU
	EndGlobalSection
	GlobalSection(SolutionProperties) = preSolution
		HideSolutionNode = FALSE
	EndGlobalSection
	GlobalSection(ExtensibilityGlobals) = postSolution
		SolutionGuid = {C802D1E4-F5B5-4518-80FC-CB8DECA949FD}
	EndGlobalSection
EndGlobal
