
Microsoft Visual Studio Solution File, Format Version 12.00
# Visual Studio Version 17
VisualStudioVersion = 17.6.33829.357
MinimumVisualStudioVersion = 10.0.40219.1
Project("{FAE04EC0-301F-11D3-BF4B-00C04F79EFBC}") = "Barnabe", "Barnabe\Barnabe.csproj", "{4D94AE7D-760F-4D4C-8F98-42A5109C8FFC}"
EndProject
Project("{FAE04EC0-301F-11D3-BF4B-00C04F79EFBC}") = "BarnabeTest", "BarnabeTest\BarnabeTest.csproj", "{1EA44D0F-429B-4AA8-A1A1-BD29FACBEEAB}"
EndProject
Global
	GlobalSection(SolutionConfigurationPlatforms) = preSolution
		Debug|Any CPU = Debug|Any CPU
		Release|Any CPU = Release|Any CPU
	EndGlobalSection
	GlobalSection(ProjectConfigurationPlatforms) = postSolution
		{4D94AE7D-760F-4D4C-8F98-42A5109C8FFC}.Debug|Any CPU.ActiveCfg = Debug|Any CPU
		{4D94AE7D-760F-4D4C-8F98-42A5109C8FFC}.Debug|Any CPU.Build.0 = Debug|Any CPU
		{4D94AE7D-760F-4D4C-8F98-42A5109C8FFC}.Release|Any CPU.ActiveCfg = Release|Any CPU
		{4D94AE7D-760F-4D4C-8F98-42A5109C8FFC}.Release|Any CPU.Build.0 = Release|Any CPU
		{1EA44D0F-429B-4AA8-A1A1-BD29FACBEEAB}.Debug|Any CPU.ActiveCfg = Debug|Any CPU
		{1EA44D0F-429B-4AA8-A1A1-BD29FACBEEAB}.Debug|Any CPU.Build.0 = Debug|Any CPU
		{1EA44D0F-429B-4AA8-A1A1-BD29FACBEEAB}.Release|Any CPU.ActiveCfg = Release|Any CPU
		{1EA44D0F-429B-4AA8-A1A1-BD29FACBEEAB}.Release|Any CPU.Build.0 = Release|Any CPU
	EndGlobalSection
	GlobalSection(SolutionProperties) = preSolution
		HideSolutionNode = FALSE
	EndGlobalSection
	GlobalSection(ExtensibilityGlobals) = postSolution
		SolutionGuid = {F98A2B57-974F-4251-937E-B55E60D3D612}
	EndGlobalSection
EndGlobal
