
Microsoft Visual Studio Solution File, Format Version 12.00
# Visual Studio Version 17
VisualStudioVersion = 17.3.32929.385
MinimumVisualStudioVersion = 10.0.40219.1
Project("{9A19103F-16F7-4668-BE54-9A1E7A4F7556}") = "Compte", "Compte\Compte.csproj", "{7D7C9182-628F-41B2-AA88-B2D1F1248483}"
EndProject
Project("{FAE04EC0-301F-11D3-BF4B-00C04F79EFBC}") = "UnitTest_Compte", "UnitTest_Compte\UnitTest_Compte.csproj", "{4236E5DB-3ED1-4828-B1F6-10D1C7E1939F}"
EndProject
Global
	GlobalSection(SolutionConfigurationPlatforms) = preSolution
		Debug|Any CPU = Debug|Any CPU
		Release|Any CPU = Release|Any CPU
	EndGlobalSection
	GlobalSection(ProjectConfigurationPlatforms) = postSolution
		{7D7C9182-628F-41B2-AA88-B2D1F1248483}.Debug|Any CPU.ActiveCfg = Debug|Any CPU
		{7D7C9182-628F-41B2-AA88-B2D1F1248483}.Debug|Any CPU.Build.0 = Debug|Any CPU
		{7D7C9182-628F-41B2-AA88-B2D1F1248483}.Release|Any CPU.ActiveCfg = Release|Any CPU
		{7D7C9182-628F-41B2-AA88-B2D1F1248483}.Release|Any CPU.Build.0 = Release|Any CPU
		{4236E5DB-3ED1-4828-B1F6-10D1C7E1939F}.Debug|Any CPU.ActiveCfg = Debug|Any CPU
		{4236E5DB-3ED1-4828-B1F6-10D1C7E1939F}.Debug|Any CPU.Build.0 = Debug|Any CPU
		{4236E5DB-3ED1-4828-B1F6-10D1C7E1939F}.Release|Any CPU.ActiveCfg = Release|Any CPU
		{4236E5DB-3ED1-4828-B1F6-10D1C7E1939F}.Release|Any CPU.Build.0 = Release|Any CPU
	EndGlobalSection
	GlobalSection(SolutionProperties) = preSolution
		HideSolutionNode = FALSE
	EndGlobalSection
	GlobalSection(ExtensibilityGlobals) = postSolution
		SolutionGuid = {2859F25A-441D-424A-AFF9-5DDF66FE0F79}
	EndGlobalSection
EndGlobal
