
Microsoft Visual Studio Solution File, Format Version 12.00
# Visual Studio Version 17
VisualStudioVersion = 17.2.32526.322
MinimumVisualStudioVersion = 10.0.40219.1
Project("{FAE04EC0-301F-11D3-BF4B-00C04F79EFBC}") = "NombreParfait", "NombreParfait\NombreParfait.csproj", "{4DB8D05C-C8BA-4F08-968A-D79FB5B8F387}"
EndProject
Global
	GlobalSection(SolutionConfigurationPlatforms) = preSolution
		Debug|Any CPU = Debug|Any CPU
		Release|Any CPU = Release|Any CPU
	EndGlobalSection
	GlobalSection(ProjectConfigurationPlatforms) = postSolution
		{4DB8D05C-C8BA-4F08-968A-D79FB5B8F387}.Debug|Any CPU.ActiveCfg = Debug|Any CPU
		{4DB8D05C-C8BA-4F08-968A-D79FB5B8F387}.Debug|Any CPU.Build.0 = Debug|Any CPU
		{4DB8D05C-C8BA-4F08-968A-D79FB5B8F387}.Release|Any CPU.ActiveCfg = Release|Any CPU
		{4DB8D05C-C8BA-4F08-968A-D79FB5B8F387}.Release|Any CPU.Build.0 = Release|Any CPU
	EndGlobalSection
	GlobalSection(SolutionProperties) = preSolution
		HideSolutionNode = FALSE
	EndGlobalSection
	GlobalSection(ExtensibilityGlobals) = postSolution
		SolutionGuid = {271F383F-A048-4880-89E2-265DFC010065}
	EndGlobalSection
EndGlobal
