
Microsoft Visual Studio Solution File, Format Version 12.00
# Visual Studio Version 17
VisualStudioVersion = 17.6.33829.357
MinimumVisualStudioVersion = 10.0.40219.1
Project("{FAE04EC0-301F-11D3-BF4B-00C04F79EFBC}") = "MoqTest", "MoqTest\MoqTest.csproj", "{5CBEF257-3864-46D4-854F-DE04E7BEC667}"
EndProject
Project("{FAE04EC0-301F-11D3-BF4B-00C04F79EFBC}") = "MockUnitTest", "MockUnitTest\MockUnitTest.csproj", "{0A692DC9-A6DA-4D4F-BB62-8DB7A6C92486}"
EndProject
Global
	GlobalSection(SolutionConfigurationPlatforms) = preSolution
		Debug|Any CPU = Debug|Any CPU
		Release|Any CPU = Release|Any CPU
	EndGlobalSection
	GlobalSection(ProjectConfigurationPlatforms) = postSolution
		{5CBEF257-3864-46D4-854F-DE04E7BEC667}.Debug|Any CPU.ActiveCfg = Debug|Any CPU
		{5CBEF257-3864-46D4-854F-DE04E7BEC667}.Debug|Any CPU.Build.0 = Debug|Any CPU
		{5CBEF257-3864-46D4-854F-DE04E7BEC667}.Release|Any CPU.ActiveCfg = Release|Any CPU
		{5CBEF257-3864-46D4-854F-DE04E7BEC667}.Release|Any CPU.Build.0 = Release|Any CPU
		{0A692DC9-A6DA-4D4F-BB62-8DB7A6C92486}.Debug|Any CPU.ActiveCfg = Debug|Any CPU
		{0A692DC9-A6DA-4D4F-BB62-8DB7A6C92486}.Debug|Any CPU.Build.0 = Debug|Any CPU
		{0A692DC9-A6DA-4D4F-BB62-8DB7A6C92486}.Release|Any CPU.ActiveCfg = Release|Any CPU
		{0A692DC9-A6DA-4D4F-BB62-8DB7A6C92486}.Release|Any CPU.Build.0 = Release|Any CPU
	EndGlobalSection
	GlobalSection(SolutionProperties) = preSolution
		HideSolutionNode = FALSE
	EndGlobalSection
	GlobalSection(ExtensibilityGlobals) = postSolution
		SolutionGuid = {0206BCEE-5169-4B0E-9DAB-CCB394E07ECA}
	EndGlobalSection
EndGlobal
