
Microsoft Visual Studio Solution File, Format Version 12.00
# Visual Studio Version 17
VisualStudioVersion = 17.4.33122.133
MinimumVisualStudioVersion = 10.0.40219.1
Project("{FAE04EC0-301F-11D3-BF4B-00C04F79EFBC}") = "SerializationBinaire", "SerializationBinaire\SerializationBinaire.csproj", "{DFBAE8A5-9D08-4A84-BA3B-01D993559D54}"
EndProject
Project("{FAE04EC0-301F-11D3-BF4B-00C04F79EFBC}") = "SerializableElements", "SerializableElement\SerializableElements.csproj", "{1723A06E-3C1F-4E64-B4DE-34DA6784A20C}"
EndProject
Global
	GlobalSection(SolutionConfigurationPlatforms) = preSolution
		Debug|Any CPU = Debug|Any CPU
		Release|Any CPU = Release|Any CPU
	EndGlobalSection
	GlobalSection(ProjectConfigurationPlatforms) = postSolution
		{DFBAE8A5-9D08-4A84-BA3B-01D993559D54}.Debug|Any CPU.ActiveCfg = Debug|Any CPU
		{DFBAE8A5-9D08-4A84-BA3B-01D993559D54}.Debug|Any CPU.Build.0 = Debug|Any CPU
		{DFBAE8A5-9D08-4A84-BA3B-01D993559D54}.Release|Any CPU.ActiveCfg = Release|Any CPU
		{DFBAE8A5-9D08-4A84-BA3B-01D993559D54}.Release|Any CPU.Build.0 = Release|Any CPU
		{1723A06E-3C1F-4E64-B4DE-34DA6784A20C}.Debug|Any CPU.ActiveCfg = Debug|Any CPU
		{1723A06E-3C1F-4E64-B4DE-34DA6784A20C}.Debug|Any CPU.Build.0 = Debug|Any CPU
		{1723A06E-3C1F-4E64-B4DE-34DA6784A20C}.Release|Any CPU.ActiveCfg = Release|Any CPU
		{1723A06E-3C1F-4E64-B4DE-34DA6784A20C}.Release|Any CPU.Build.0 = Release|Any CPU
	EndGlobalSection
	GlobalSection(SolutionProperties) = preSolution
		HideSolutionNode = FALSE
	EndGlobalSection
	GlobalSection(ExtensibilityGlobals) = postSolution
		SolutionGuid = {C3825C38-43FF-4177-97BE-260CCED95C23}
	EndGlobalSection
EndGlobal
