
Microsoft Visual Studio Solution File, Format Version 12.00
# Visual Studio Version 17
VisualStudioVersion = 17.2.32526.322
MinimumVisualStudioVersion = 10.0.40219.1
Project("{FAE04EC0-301F-11D3-BF4B-00C04F79EFBC}") = "Tableaux", "Tableaux\Tableaux.csproj", "{EC40C483-E70F-42ED-B5A8-A467AFDA7CA6}"
EndProject
Project("{FAE04EC0-301F-11D3-BF4B-00C04F79EFBC}") = "Tableaux-App", "Tableaux-App\Tableaux-App.csproj", "{4138BA37-E9BB-4FDE-A7F7-F31D8E182CA4}"
EndProject
Project("{FAE04EC0-301F-11D3-BF4B-00C04F79EFBC}") = "List-App", "List-App\List-App.csproj", "{6E4C4764-3017-4240-B82B-1D12BEC4586D}"
EndProject
Global
	GlobalSection(SolutionConfigurationPlatforms) = preSolution
		Debug|Any CPU = Debug|Any CPU
		Release|Any CPU = Release|Any CPU
	EndGlobalSection
	GlobalSection(ProjectConfigurationPlatforms) = postSolution
		{EC40C483-E70F-42ED-B5A8-A467AFDA7CA6}.Debug|Any CPU.ActiveCfg = Debug|Any CPU
		{EC40C483-E70F-42ED-B5A8-A467AFDA7CA6}.Debug|Any CPU.Build.0 = Debug|Any CPU
		{EC40C483-E70F-42ED-B5A8-A467AFDA7CA6}.Release|Any CPU.ActiveCfg = Release|Any CPU
		{EC40C483-E70F-42ED-B5A8-A467AFDA7CA6}.Release|Any CPU.Build.0 = Release|Any CPU
		{4138BA37-E9BB-4FDE-A7F7-F31D8E182CA4}.Debug|Any CPU.ActiveCfg = Debug|Any CPU
		{4138BA37-E9BB-4FDE-A7F7-F31D8E182CA4}.Debug|Any CPU.Build.0 = Debug|Any CPU
		{4138BA37-E9BB-4FDE-A7F7-F31D8E182CA4}.Release|Any CPU.ActiveCfg = Release|Any CPU
		{4138BA37-E9BB-4FDE-A7F7-F31D8E182CA4}.Release|Any CPU.Build.0 = Release|Any CPU
		{6E4C4764-3017-4240-B82B-1D12BEC4586D}.Debug|Any CPU.ActiveCfg = Debug|Any CPU
		{6E4C4764-3017-4240-B82B-1D12BEC4586D}.Debug|Any CPU.Build.0 = Debug|Any CPU
		{6E4C4764-3017-4240-B82B-1D12BEC4586D}.Release|Any CPU.ActiveCfg = Release|Any CPU
		{6E4C4764-3017-4240-B82B-1D12BEC4586D}.Release|Any CPU.Build.0 = Release|Any CPU
	EndGlobalSection
	GlobalSection(SolutionProperties) = preSolution
		HideSolutionNode = FALSE
	EndGlobalSection
	GlobalSection(ExtensibilityGlobals) = postSolution
		SolutionGuid = {80606560-85F4-46EB-8CD1-83DAC65E2942}
	EndGlobalSection
EndGlobal
