
Microsoft Visual Studio Solution File, Format Version 12.00
# Visual Studio Version 17
VisualStudioVersion = 17.3.32929.385
MinimumVisualStudioVersion = 10.0.40219.1
Project("{9A19103F-16F7-4668-BE54-9A1E7A4F7556}") = "ProductionLibrary", "ProductionLibrary\ProductionLibrary.csproj", "{2D5430BD-6486-41C3-AE41-EA0E5ECB2A6A}"
EndProject
Project("{9A19103F-16F7-4668-BE54-9A1E7A4F7556}") = "ProductionConsole", "ProductionConsole\ProductionConsole.csproj", "{2AA0CF0E-0A3B-4D40-A158-AF3B504C65AD}"
EndProject
Project("{FAE04EC0-301F-11D3-BF4B-00C04F79EFBC}") = "UserControlProduction", "UserControlProduction\UserControlProduction.csproj", "{53C34AA3-33AD-4558-8D61-14ABD897907B}"
EndProject
Global
	GlobalSection(SolutionConfigurationPlatforms) = preSolution
		Debug|Any CPU = Debug|Any CPU
		Release|Any CPU = Release|Any CPU
	EndGlobalSection
	GlobalSection(ProjectConfigurationPlatforms) = postSolution
		{2D5430BD-6486-41C3-AE41-EA0E5ECB2A6A}.Debug|Any CPU.ActiveCfg = Debug|Any CPU
		{2D5430BD-6486-41C3-AE41-EA0E5ECB2A6A}.Debug|Any CPU.Build.0 = Debug|Any CPU
		{2D5430BD-6486-41C3-AE41-EA0E5ECB2A6A}.Release|Any CPU.ActiveCfg = Release|Any CPU
		{2D5430BD-6486-41C3-AE41-EA0E5ECB2A6A}.Release|Any CPU.Build.0 = Release|Any CPU
		{2AA0CF0E-0A3B-4D40-A158-AF3B504C65AD}.Debug|Any CPU.ActiveCfg = Debug|Any CPU
		{2AA0CF0E-0A3B-4D40-A158-AF3B504C65AD}.Debug|Any CPU.Build.0 = Debug|Any CPU
		{2AA0CF0E-0A3B-4D40-A158-AF3B504C65AD}.Release|Any CPU.ActiveCfg = Release|Any CPU
		{2AA0CF0E-0A3B-4D40-A158-AF3B504C65AD}.Release|Any CPU.Build.0 = Release|Any CPU
		{53C34AA3-33AD-4558-8D61-14ABD897907B}.Debug|Any CPU.ActiveCfg = Debug|Any CPU
		{53C34AA3-33AD-4558-8D61-14ABD897907B}.Debug|Any CPU.Build.0 = Debug|Any CPU
		{53C34AA3-33AD-4558-8D61-14ABD897907B}.Release|Any CPU.ActiveCfg = Release|Any CPU
		{53C34AA3-33AD-4558-8D61-14ABD897907B}.Release|Any CPU.Build.0 = Release|Any CPU
	EndGlobalSection
	GlobalSection(SolutionProperties) = preSolution
		HideSolutionNode = FALSE
	EndGlobalSection
	GlobalSection(ExtensibilityGlobals) = postSolution
		SolutionGuid = {C556189E-B33E-4FA1-BEC8-15BC0D1EE8F3}
	EndGlobalSection
EndGlobal
