
Microsoft Visual Studio Solution File, Format Version 12.00
# Visual Studio Version 17
VisualStudioVersion = 17.0.32112.339
MinimumVisualStudioVersion = 10.0.40219.1
Project("{FAE04EC0-301F-11D3-BF4B-00C04F79EFBC}") = "Jeu02", "Jeu02\Jeu02.csproj", "{A5057ADA-5CBB-4A45-9ACE-7BDFE9D8F766}"
EndProject
Global
	GlobalSection(SolutionConfigurationPlatforms) = preSolution
		Debug|Any CPU = Debug|Any CPU
		Release|Any CPU = Release|Any CPU
	EndGlobalSection
	GlobalSection(ProjectConfigurationPlatforms) = postSolution
		{A5057ADA-5CBB-4A45-9ACE-7BDFE9D8F766}.Debug|Any CPU.ActiveCfg = Debug|Any CPU
		{A5057ADA-5CBB-4A45-9ACE-7BDFE9D8F766}.Debug|Any CPU.Build.0 = Debug|Any CPU
		{A5057ADA-5CBB-4A45-9ACE-7BDFE9D8F766}.Release|Any CPU.ActiveCfg = Release|Any CPU
		{A5057ADA-5CBB-4A45-9ACE-7BDFE9D8F766}.Release|Any CPU.Build.0 = Release|Any CPU
	EndGlobalSection
	GlobalSection(SolutionProperties) = preSolution
		HideSolutionNode = FALSE
	EndGlobalSection
	GlobalSection(ExtensibilityGlobals) = postSolution
		SolutionGuid = {AEB203D5-AE03-48D4-ACD5-A82B41131256}
	EndGlobalSection
EndGlobal
