
Microsoft Visual Studio Solution File, Format Version 12.00
# Visual Studio Version 17
VisualStudioVersion = 17.3.32929.385
MinimumVisualStudioVersion = 10.0.40219.1
Project("{FAE04EC0-301F-11D3-BF4B-00C04F79EFBC}") = "MonEssai", "MonEssai\MonEssai.csproj", "{6FA7786F-C4B1-4113-A2FA-2C92CA547558}"
EndProject
Project("{FAE04EC0-301F-11D3-BF4B-00C04F79EFBC}") = "WinFormsApp1", "WinFormsApp1\WinFormsApp1.csproj", "{8F229B9B-B4CA-40D4-A2DE-163279CC3B7C}"
EndProject
Global
	GlobalSection(SolutionConfigurationPlatforms) = preSolution
		Debug|Any CPU = Debug|Any CPU
		Release|Any CPU = Release|Any CPU
	EndGlobalSection
	GlobalSection(ProjectConfigurationPlatforms) = postSolution
		{6FA7786F-C4B1-4113-A2FA-2C92CA547558}.Debug|Any CPU.ActiveCfg = Debug|Any CPU
		{6FA7786F-C4B1-4113-A2FA-2C92CA547558}.Debug|Any CPU.Build.0 = Debug|Any CPU
		{6FA7786F-C4B1-4113-A2FA-2C92CA547558}.Release|Any CPU.ActiveCfg = Release|Any CPU
		{6FA7786F-C4B1-4113-A2FA-2C92CA547558}.Release|Any CPU.Build.0 = Release|Any CPU
		{8F229B9B-B4CA-40D4-A2DE-163279CC3B7C}.Debug|Any CPU.ActiveCfg = Debug|Any CPU
		{8F229B9B-B4CA-40D4-A2DE-163279CC3B7C}.Debug|Any CPU.Build.0 = Debug|Any CPU
		{8F229B9B-B4CA-40D4-A2DE-163279CC3B7C}.Release|Any CPU.ActiveCfg = Release|Any CPU
		{8F229B9B-B4CA-40D4-A2DE-163279CC3B7C}.Release|Any CPU.Build.0 = Release|Any CPU
	EndGlobalSection
	GlobalSection(SolutionProperties) = preSolution
		HideSolutionNode = FALSE
	EndGlobalSection
	GlobalSection(ExtensibilityGlobals) = postSolution
		SolutionGuid = {B5138F4F-7732-4EC3-9BF2-1B5BDBBC42D7}
	EndGlobalSection
EndGlobal
