
Microsoft Visual Studio Solution File, Format Version 12.00
# Visual Studio Version 17
VisualStudioVersion = 17.3.32929.385
MinimumVisualStudioVersion = 10.0.40219.1
Project("{FAE04EC0-301F-11D3-BF4B-00C04F79EFBC}") = "TestOut", "TestOut\TestOut.csproj", "{1BC5EB33-436D-4B64-B28E-55796D8024DB}"
EndProject
Global
	GlobalSection(SolutionConfigurationPlatforms) = preSolution
		Debug|Any CPU = Debug|Any CPU
		Release|Any CPU = Release|Any CPU
	EndGlobalSection
	GlobalSection(ProjectConfigurationPlatforms) = postSolution
		{1BC5EB33-436D-4B64-B28E-55796D8024DB}.Debug|Any CPU.ActiveCfg = Debug|Any CPU
		{1BC5EB33-436D-4B64-B28E-55796D8024DB}.Debug|Any CPU.Build.0 = Debug|Any CPU
		{1BC5EB33-436D-4B64-B28E-55796D8024DB}.Release|Any CPU.ActiveCfg = Release|Any CPU
		{1BC5EB33-436D-4B64-B28E-55796D8024DB}.Release|Any CPU.Build.0 = Release|Any CPU
	EndGlobalSection
	GlobalSection(SolutionProperties) = preSolution
		HideSolutionNode = FALSE
	EndGlobalSection
	GlobalSection(ExtensibilityGlobals) = postSolution
		SolutionGuid = {6E76B395-BDD1-459D-9A8E-AC3B7B18A4BA}
	EndGlobalSection
EndGlobal
