
Microsoft Visual Studio Solution File, Format Version 12.00
# Visual Studio Version 17
VisualStudioVersion = 17.4.33122.133
MinimumVisualStudioVersion = 10.0.40219.1
Project("{54A90642-561A-4BB1-A94E-469ADEE60C69}") = "reactproject", "reactproject\reactproject.esproj", "{562DA543-819C-4DFB-A912-BE8E09007913}"
EndProject
Global
	GlobalSection(SolutionConfigurationPlatforms) = preSolution
		Debug|Any CPU = Debug|Any CPU
		Release|Any CPU = Release|Any CPU
	EndGlobalSection
	GlobalSection(ProjectConfigurationPlatforms) = postSolution
		{562DA543-819C-4DFB-A912-BE8E09007913}.Debug|Any CPU.ActiveCfg = Debug|Any CPU
		{562DA543-819C-4DFB-A912-BE8E09007913}.Debug|Any CPU.Build.0 = Debug|Any CPU
		{562DA543-819C-4DFB-A912-BE8E09007913}.Debug|Any CPU.Deploy.0 = Debug|Any CPU
		{562DA543-819C-4DFB-A912-BE8E09007913}.Release|Any CPU.ActiveCfg = Release|Any CPU
		{562DA543-819C-4DFB-A912-BE8E09007913}.Release|Any CPU.Build.0 = Release|Any CPU
		{562DA543-819C-4DFB-A912-BE8E09007913}.Release|Any CPU.Deploy.0 = Release|Any CPU
	EndGlobalSection
	GlobalSection(SolutionProperties) = preSolution
		HideSolutionNode = FALSE
	EndGlobalSection
	GlobalSection(ExtensibilityGlobals) = postSolution
		SolutionGuid = {792E90E2-84B7-4932-8693-719D6158784C}
	EndGlobalSection
EndGlobal
