
Microsoft Visual Studio Solution File, Format Version 12.00
# Visual Studio Version 17
VisualStudioVersion = 17.3.32929.385
MinimumVisualStudioVersion = 10.0.40219.1
Project("{FAE04EC0-301F-11D3-BF4B-00C04F79EFBC}") = "CompositeAddition", "CompositeAddition\CompositeAddition.csproj", "{2B8CAF38-8EC5-4A47-B9F4-F02D8C578171}"
EndProject
Project("{FAE04EC0-301F-11D3-BF4B-00C04F79EFBC}") = "ConsoleAddition", "ConsoleAddition\ConsoleAddition.csproj", "{370B3537-B9A5-4FE4-A375-CAC87ADDA4B4}"
EndProject
Project("{FAE04EC0-301F-11D3-BF4B-00C04F79EFBC}") = "TestsUnitaires", "TestsUnitaires\TestsUnitaires.csproj", "{27C688C5-F911-4734-83BF-DD8AF3C876E6}"
EndProject
Global
	GlobalSection(SolutionConfigurationPlatforms) = preSolution
		Debug|Any CPU = Debug|Any CPU
		Release|Any CPU = Release|Any CPU
	EndGlobalSection
	GlobalSection(ProjectConfigurationPlatforms) = postSolution
		{2B8CAF38-8EC5-4A47-B9F4-F02D8C578171}.Debug|Any CPU.ActiveCfg = Debug|Any CPU
		{2B8CAF38-8EC5-4A47-B9F4-F02D8C578171}.Debug|Any CPU.Build.0 = Debug|Any CPU
		{2B8CAF38-8EC5-4A47-B9F4-F02D8C578171}.Release|Any CPU.ActiveCfg = Release|Any CPU
		{2B8CAF38-8EC5-4A47-B9F4-F02D8C578171}.Release|Any CPU.Build.0 = Release|Any CPU
		{370B3537-B9A5-4FE4-A375-CAC87ADDA4B4}.Debug|Any CPU.ActiveCfg = Debug|Any CPU
		{370B3537-B9A5-4FE4-A375-CAC87ADDA4B4}.Debug|Any CPU.Build.0 = Debug|Any CPU
		{370B3537-B9A5-4FE4-A375-CAC87ADDA4B4}.Release|Any CPU.ActiveCfg = Release|Any CPU
		{370B3537-B9A5-4FE4-A375-CAC87ADDA4B4}.Release|Any CPU.Build.0 = Release|Any CPU
		{27C688C5-F911-4734-83BF-DD8AF3C876E6}.Debug|Any CPU.ActiveCfg = Debug|Any CPU
		{27C688C5-F911-4734-83BF-DD8AF3C876E6}.Debug|Any CPU.Build.0 = Debug|Any CPU
		{27C688C5-F911-4734-83BF-DD8AF3C876E6}.Release|Any CPU.ActiveCfg = Release|Any CPU
		{27C688C5-F911-4734-83BF-DD8AF3C876E6}.Release|Any CPU.Build.0 = Release|Any CPU
	EndGlobalSection
	GlobalSection(SolutionProperties) = preSolution
		HideSolutionNode = FALSE
	EndGlobalSection
	GlobalSection(ExtensibilityGlobals) = postSolution
		SolutionGuid = {F68153A8-8786-4AEB-8B66-16C183EC1465}
	EndGlobalSection
EndGlobal
