
Microsoft Visual Studio Solution File, Format Version 12.00
# Visual Studio Version 17
VisualStudioVersion = 17.4.33110.190
MinimumVisualStudioVersion = 10.0.40219.1
Project("{FAE04EC0-301F-11D3-BF4B-00C04F79EFBC}") = "ExoVoiture", "ExoVoiture\ExoVoiture.csproj", "{98CC0F84-CD2C-4472-9154-102A66A0E530}"
EndProject
Global
	GlobalSection(SolutionConfigurationPlatforms) = preSolution
		Debug|Any CPU = Debug|Any CPU
		Release|Any CPU = Release|Any CPU
	EndGlobalSection
	GlobalSection(ProjectConfigurationPlatforms) = postSolution
		{98CC0F84-CD2C-4472-9154-102A66A0E530}.Debug|Any CPU.ActiveCfg = Debug|Any CPU
		{98CC0F84-CD2C-4472-9154-102A66A0E530}.Debug|Any CPU.Build.0 = Debug|Any CPU
		{98CC0F84-CD2C-4472-9154-102A66A0E530}.Release|Any CPU.ActiveCfg = Release|Any CPU
		{98CC0F84-CD2C-4472-9154-102A66A0E530}.Release|Any CPU.Build.0 = Release|Any CPU
	EndGlobalSection
	GlobalSection(SolutionProperties) = preSolution
		HideSolutionNode = FALSE
	EndGlobalSection
	GlobalSection(ExtensibilityGlobals) = postSolution
		SolutionGuid = {C81DC0A0-F1B2-4DE1-BB68-A860155141A5}
	EndGlobalSection
EndGlobal
