
Microsoft Visual Studio Solution File, Format Version 12.00
# Visual Studio Version 17
VisualStudioVersion = 17.6.33829.357
MinimumVisualStudioVersion = 10.0.40219.1
Project("{FAE04EC0-301F-11D3-BF4B-00C04F79EFBC}") = "AleatoireMockLib", "AleatoireMockLib\AleatoireMockLib.csproj", "{BD5D3A6C-D78D-4432-9E47-DD1B5BE5E6EE}"
EndProject
Project("{FAE04EC0-301F-11D3-BF4B-00C04F79EFBC}") = "TestUnitaire", "TestUnitaire\TestUnitaire.csproj", "{3D22DD21-DBEB-4241-97FD-CDDFA8FF7AC7}"
EndProject
Global
	GlobalSection(SolutionConfigurationPlatforms) = preSolution
		Debug|Any CPU = Debug|Any CPU
		Release|Any CPU = Release|Any CPU
	EndGlobalSection
	GlobalSection(ProjectConfigurationPlatforms) = postSolution
		{BD5D3A6C-D78D-4432-9E47-DD1B5BE5E6EE}.Debug|Any CPU.ActiveCfg = Debug|Any CPU
		{BD5D3A6C-D78D-4432-9E47-DD1B5BE5E6EE}.Debug|Any CPU.Build.0 = Debug|Any CPU
		{BD5D3A6C-D78D-4432-9E47-DD1B5BE5E6EE}.Release|Any CPU.ActiveCfg = Release|Any CPU
		{BD5D3A6C-D78D-4432-9E47-DD1B5BE5E6EE}.Release|Any CPU.Build.0 = Release|Any CPU
		{3D22DD21-DBEB-4241-97FD-CDDFA8FF7AC7}.Debug|Any CPU.ActiveCfg = Debug|Any CPU
		{3D22DD21-DBEB-4241-97FD-CDDFA8FF7AC7}.Debug|Any CPU.Build.0 = Debug|Any CPU
		{3D22DD21-DBEB-4241-97FD-CDDFA8FF7AC7}.Release|Any CPU.ActiveCfg = Release|Any CPU
		{3D22DD21-DBEB-4241-97FD-CDDFA8FF7AC7}.Release|Any CPU.Build.0 = Release|Any CPU
	EndGlobalSection
	GlobalSection(SolutionProperties) = preSolution
		HideSolutionNode = FALSE
	EndGlobalSection
	GlobalSection(ExtensibilityGlobals) = postSolution
		SolutionGuid = {F0DD549A-5716-46A4-A08D-09ED4FDA4A66}
	EndGlobalSection
EndGlobal
