
Microsoft Visual Studio Solution File, Format Version 12.00
# Visual Studio Version 17
VisualStudioVersion = 17.4.33122.133
MinimumVisualStudioVersion = 10.0.40219.1
Project("{FAE04EC0-301F-11D3-BF4B-00C04F79EFBC}") = "CodingGameNintendo", "CodingGameNintendo\CodingGameNintendo.csproj", "{8B2BEBC9-B93F-49B9-B51A-80E6F06266F0}"
EndProject
Global
	GlobalSection(SolutionConfigurationPlatforms) = preSolution
		Debug|Any CPU = Debug|Any CPU
		Release|Any CPU = Release|Any CPU
	EndGlobalSection
	GlobalSection(ProjectConfigurationPlatforms) = postSolution
		{8B2BEBC9-B93F-49B9-B51A-80E6F06266F0}.Debug|Any CPU.ActiveCfg = Debug|Any CPU
		{8B2BEBC9-B93F-49B9-B51A-80E6F06266F0}.Debug|Any CPU.Build.0 = Debug|Any CPU
		{8B2BEBC9-B93F-49B9-B51A-80E6F06266F0}.Release|Any CPU.ActiveCfg = Release|Any CPU
		{8B2BEBC9-B93F-49B9-B51A-80E6F06266F0}.Release|Any CPU.Build.0 = Release|Any CPU
	EndGlobalSection
	GlobalSection(SolutionProperties) = preSolution
		HideSolutionNode = FALSE
	EndGlobalSection
	GlobalSection(ExtensibilityGlobals) = postSolution
		SolutionGuid = {7AF87EE7-B998-44AC-B007-4006FF5CEDC2}
	EndGlobalSection
EndGlobal
