
Microsoft Visual Studio Solution File, Format Version 12.00
# Visual Studio Version 17
VisualStudioVersion = 17.3.32929.385
MinimumVisualStudioVersion = 10.0.40219.1
Project("{9A19103F-16F7-4668-BE54-9A1E7A4F7556}") = "MultiCoucheApp", "MultiCoucheApp\MultiCoucheApp.csproj", "{991C2DB3-3578-4C63-882E-50A42EA76324}"
EndProject
Project("{9A19103F-16F7-4668-BE54-9A1E7A4F7556}") = "Interfaces", "Interfaces\Interfaces.csproj", "{A91B07E5-153E-47E2-A546-FFFDA2B54B41}"
EndProject
Project("{FAE04EC0-301F-11D3-BF4B-00C04F79EFBC}") = "CoucheDomaine", "CoucheDomaine\CoucheDomaine.csproj", "{8CDC5FD2-4A84-48B5-AD5B-0A5332EB4C53}"
EndProject
Global
	GlobalSection(SolutionConfigurationPlatforms) = preSolution
		Debug|Any CPU = Debug|Any CPU
		Release|Any CPU = Release|Any CPU
	EndGlobalSection
	GlobalSection(ProjectConfigurationPlatforms) = postSolution
		{991C2DB3-3578-4C63-882E-50A42EA76324}.Debug|Any CPU.ActiveCfg = Debug|Any CPU
		{991C2DB3-3578-4C63-882E-50A42EA76324}.Debug|Any CPU.Build.0 = Debug|Any CPU
		{991C2DB3-3578-4C63-882E-50A42EA76324}.Release|Any CPU.ActiveCfg = Release|Any CPU
		{991C2DB3-3578-4C63-882E-50A42EA76324}.Release|Any CPU.Build.0 = Release|Any CPU
		{A91B07E5-153E-47E2-A546-FFFDA2B54B41}.Debug|Any CPU.ActiveCfg = Debug|Any CPU
		{A91B07E5-153E-47E2-A546-FFFDA2B54B41}.Debug|Any CPU.Build.0 = Debug|Any CPU
		{A91B07E5-153E-47E2-A546-FFFDA2B54B41}.Release|Any CPU.ActiveCfg = Release|Any CPU
		{A91B07E5-153E-47E2-A546-FFFDA2B54B41}.Release|Any CPU.Build.0 = Release|Any CPU
		{8CDC5FD2-4A84-48B5-AD5B-0A5332EB4C53}.Debug|Any CPU.ActiveCfg = Debug|Any CPU
		{8CDC5FD2-4A84-48B5-AD5B-0A5332EB4C53}.Debug|Any CPU.Build.0 = Debug|Any CPU
		{8CDC5FD2-4A84-48B5-AD5B-0A5332EB4C53}.Release|Any CPU.ActiveCfg = Release|Any CPU
		{8CDC5FD2-4A84-48B5-AD5B-0A5332EB4C53}.Release|Any CPU.Build.0 = Release|Any CPU
	EndGlobalSection
	GlobalSection(SolutionProperties) = preSolution
		HideSolutionNode = FALSE
	EndGlobalSection
	GlobalSection(ExtensibilityGlobals) = postSolution
		SolutionGuid = {FC7892CA-B9D3-45AD-AFC9-11473C87EDF0}
	EndGlobalSection
EndGlobal
